
Microsoft Visual Studio Solution File, Format Version 12.00
# Visual Studio 15
VisualStudioVersion = 15.0.27703.2042
MinimumVisualStudioVersion = 10.0.40219.1
Project("{FAE04EC0-301F-11D3-BF4B-00C04F79EFBC}") = "clu.active.learning", "clu.active.learning\clu.active.learning.csproj", "{6D8B4B99-E9F0-4E57-B87D-1FFAC9C8C5EF}"
	ProjectSection(ProjectDependencies) = postProject
		{037F9811-1B57-420C-8E52-135E4B1EFB4F} = {037F9811-1B57-420C-8E52-135E4B1EFB4F}
	EndProjectSection
EndProject
Project("{FAE04EC0-301F-11D3-BF4B-00C04F79EFBC}") = "clu.active.learning.web", "clu.active.learning.web\clu.active.learning.web.csproj", "{037F9811-1B57-420C-8E52-135E4B1EFB4F}"
EndProject
Project("{FAE04EC0-301F-11D3-BF4B-00C04F79EFBC}") = "clu.active.learning.app", "clu.active.learning.app\clu.active.learning.app.csproj", "{E3A9C635-CAD1-4687-A7BF-F5B7EAA06F5B}"
EndProject
Project("{FAE04EC0-301F-11D3-BF4B-00C04F79EFBC}") = "clu.active.learning.console", "clu.active.learning.console\clu.active.learning.console.csproj", "{EF227D8B-F705-4F60-A119-2FF7ABAADDC1}"
EndProject
Global
	GlobalSection(SolutionConfigurationPlatforms) = preSolution
		Debug|Any CPU = Debug|Any CPU
		Release|Any CPU = Release|Any CPU
	EndGlobalSection
	GlobalSection(ProjectConfigurationPlatforms) = postSolution
		{6D8B4B99-E9F0-4E57-B87D-1FFAC9C8C5EF}.Debug|Any CPU.ActiveCfg = Debug|Any CPU
		{6D8B4B99-E9F0-4E57-B87D-1FFAC9C8C5EF}.Debug|Any CPU.Build.0 = Debug|Any CPU
		{6D8B4B99-E9F0-4E57-B87D-1FFAC9C8C5EF}.Release|Any CPU.ActiveCfg = Release|Any CPU
		{6D8B4B99-E9F0-4E57-B87D-1FFAC9C8C5EF}.Release|Any CPU.Build.0 = Release|Any CPU
		{037F9811-1B57-420C-8E52-135E4B1EFB4F}.Debug|Any CPU.ActiveCfg = Debug|Any CPU
		{037F9811-1B57-420C-8E52-135E4B1EFB4F}.Debug|Any CPU.Build.0 = Debug|Any CPU
		{037F9811-1B57-420C-8E52-135E4B1EFB4F}.Release|Any CPU.ActiveCfg = Release|Any CPU
		{037F9811-1B57-420C-8E52-135E4B1EFB4F}.Release|Any CPU.Build.0 = Release|Any CPU
		{E3A9C635-CAD1-4687-A7BF-F5B7EAA06F5B}.Debug|Any CPU.ActiveCfg = Debug|Any CPU
		{E3A9C635-CAD1-4687-A7BF-F5B7EAA06F5B}.Debug|Any CPU.Build.0 = Debug|Any CPU
		{E3A9C635-CAD1-4687-A7BF-F5B7EAA06F5B}.Release|Any CPU.ActiveCfg = Release|Any CPU
		{E3A9C635-CAD1-4687-A7BF-F5B7EAA06F5B}.Release|Any CPU.Build.0 = Release|Any CPU
		{EF227D8B-F705-4F60-A119-2FF7ABAADDC1}.Debug|Any CPU.ActiveCfg = Debug|Any CPU
		{EF227D8B-F705-4F60-A119-2FF7ABAADDC1}.Debug|Any CPU.Build.0 = Debug|Any CPU
		{EF227D8B-F705-4F60-A119-2FF7ABAADDC1}.Release|Any CPU.ActiveCfg = Release|Any CPU
		{EF227D8B-F705-4F60-A119-2FF7ABAADDC1}.Release|Any CPU.Build.0 = Release|Any CPU
	EndGlobalSection
	GlobalSection(SolutionProperties) = preSolution
		HideSolutionNode = FALSE
	EndGlobalSection
	GlobalSection(ExtensibilityGlobals) = postSolution
		SolutionGuid = {D4A0AE1A-7D7C-4EE0-9D9A-3D91B3745E34}
	EndGlobalSection
EndGlobal
